// !$*UTF8*$!
{
	archiveVersion = 1;
	classes = {
	};
	objectVersion = 46;
	objects = {

/* Begin PBXBuildFile section */
		6ABE680F1A35E19200555E3A /* main.m in Sources */ = {isa = PBXBuildFile; fileRef = 6ABE680E1A35E19200555E3A /* main.m */; };
		6ABE68121A35E19200555E3A /* AppDelegate.m in Sources */ = {isa = PBXBuildFile; fileRef = 6ABE68111A35E19200555E3A /* AppDelegate.m */; };
		6ABE68151A35E19200555E3A /* ViewController.m in Sources */ = {isa = PBXBuildFile; fileRef = 6ABE68141A35E19200555E3A /* ViewController.m */; };
		6ABE68181A35E19200555E3A /* Main.storyboard in Resources */ = {isa = PBXBuildFile; fileRef = 6ABE68161A35E19200555E3A /* Main.storyboard */; };
		6ABE681A1A35E19200555E3A /* Images.xcassets in Resources */ = {isa = PBXBuildFile; fileRef = 6ABE68191A35E19200555E3A /* Images.xcassets */; };
		6ABE681D1A35E19200555E3A /* LaunchScreen.xib in Resources */ = {isa = PBXBuildFile; fileRef = 6ABE681B1A35E19200555E3A /* LaunchScreen.xib */; };
		6ABE68291A35E19200555E3A /* DemoTests.m in Sources */ = {isa = PBXBuildFile; fileRef = 6ABE68281A35E19200555E3A /* DemoTests.m */; };
/* End PBXBuildFile section */

/* Begin PBXContainerItemProxy section */
		6ABE68231A35E19200555E3A /* PBXContainerItemProxy */ = {
			isa = PBXContainerItemProxy;
			containerPortal = 6ABE68011A35E19200555E3A /* Project object */;
			proxyType = 1;
			remoteGlobalIDString = 6ABE68081A35E19200555E3A;
			remoteInfo = Demo;
		};
/* End PBXContainerItemProxy section */

/* Begin PBXFileReference section */
		6ABE68091A35E19200555E3A /* Demo.app */ = {isa = PBXFileReference; explicitFileType = wrapper.application; includeInIndex = 0; path = Demo.app; sourceTree = BUILT_PRODUCTS_DIR; };
		6ABE680D1A35E19200555E3A /* Info.plist */ = {isa = PBXFileReference; lastKnownFileType = text.plist.xml; path = Info.plist; sourceTree = "<group>"; };
		6ABE680E1A35E19200555E3A /* main.m */ = {isa = PBXFileReference; lastKnownFileType = sourcecode.c.objc; path = main.m; sourceTree = "<group>"; };
		6ABE68101A35E19200555E3A /* AppDelegate.h */ = {isa = PBXFileReference; lastKnownFileType = sourcecode.c.h; path = AppDelegate.h; sourceTree = "<group>"; };
		6ABE68111A35E19200555E3A /* AppDelegate.m */ = {isa = PBXFileReference; lastKnownFileType = sourcecode.c.objc; path = AppDelegate.m; sourceTree = "<group>"; };
		6ABE68131A35E19200555E3A /* ViewController.h */ = {isa = PBXFileReference; lastKnownFileType = sourcecode.c.h; path = ViewController.h; sourceTree = "<group>"; };
		6ABE68141A35E19200555E3A /* ViewController.m */ = {isa = PBXFileReference; lastKnownFileType = sourcecode.c.objc; path = ViewController.m; sourceTree = "<group>"; };
		6ABE68171A35E19200555E3A /* Base */ = {isa = PBXFileReference; lastKnownFileType = file.storyboard; name = Base; path = Base.lproj/Main.storyboard; sourceTree = "<group>"; };
		6ABE68191A35E19200555E3A /* Images.xcassets */ = {isa = PBXFileReference; lastKnownFileType = folder.assetcatalog; path = Images.xcassets; sourceTree = "<group>"; };
		6ABE681C1A35E19200555E3A /* Base */ = {isa = PBXFileReference; lastKnownFileType = file.xib; name = Base; path = Base.lproj/LaunchScreen.xib; sourceTree = "<group>"; };
		6ABE68221A35E19200555E3A /* DemoTests.xctest */ = {isa = PBXFileReference; explicitFileType = wrapper.cfbundle; includeInIndex = 0; path = DemoTests.xctest; sourceTree = BUILT_PRODUCTS_DIR; };
		6ABE68271A35E19200555E3A /* Info.plist */ = {isa = PBXFileReference; lastKnownFileType = text.plist.xml; path = Info.plist; sourceTree = "<group>"; };
		6ABE68281A35E19200555E3A /* DemoTests.m */ = {isa = PBXFileReference; lastKnownFileType = sourcecode.c.objc; path = DemoTests.m; sourceTree = "<group>"; };
/* End PBXFileReference section */

/* Begin PBXFrameworksBuildPhase section */
		6ABE68061A35E19200555E3A /* Frameworks */ = {
			isa = PBXFrameworksBuildPhase;
			buildActionMask = 2147483647;
			files = (
			);
			runOnlyForDeploymentPostprocessing = 0;
		};
		6ABE681F1A35E19200555E3A /* Frameworks */ = {
			isa = PBXFrameworksBuildPhase;
			buildActionMask = 2147483647;
			files = (
			);
			runOnlyForDeploymentPostprocessing = 0;
		};
/* End PBXFrameworksBuildPhase section */

/* Begin PBXGroup section */
		6ABE68001A35E19200555E3A = {
			isa = PBXGroup;
			children = (
				6ABE680B1A35E19200555E3A /* Demo */,
				6ABE68251A35E19200555E3A /* DemoTests */,
				6ABE680A1A35E19200555E3A /* Products */,
			);
			sourceTree = "<group>";
		};
		6ABE680A1A35E19200555E3A /* Products */ = {
			isa = PBXGroup;
			children = (
				6ABE68091A35E19200555E3A /* Demo.app */,
				6ABE68221A35E19200555E3A /* DemoTests.xctest */,
			);
			name = Products;
			sourceTree = "<group>";
		};
		6ABE680B1A35E19200555E3A /* Demo */ = {
			isa = PBXGroup;
			children = (
				6ABE68101A35E19200555E3A /* AppDelegate.h */,
				6ABE68111A35E19200555E3A /* AppDelegate.m */,
				6ABE68131A35E19200555E3A /* ViewController.h */,
				6ABE68141A35E19200555E3A /* ViewController.m */,
				6ABE68161A35E19200555E3A /* Main.storyboard */,
				6ABE68191A35E19200555E3A /* Images.xcassets */,
				6ABE681B1A35E19200555E3A /* LaunchScreen.xib */,
				6ABE680C1A35E19200555E3A /* Supporting Files */,
			);
			path = Demo;
			sourceTree = "<group>";
		};
		6ABE680C1A35E19200555E3A /* Supporting Files */ = {
			isa = PBXGroup;
			children = (
				6ABE680D1A35E19200555E3A /* Info.plist */,
				6ABE680E1A35E19200555E3A /* main.m */,
			);
			name = "Supporting Files";
			sourceTree = "<group>";
		};
		6ABE68251A35E19200555E3A /* DemoTests */ = {
			isa = PBXGroup;
			children = (
				6ABE68281A35E19200555E3A /* DemoTests.m */,
				6ABE68261A35E19200555E3A /* Supporting Files */,
			);
			path = DemoTests;
			sourceTree = "<group>";
		};
		6ABE68261A35E19200555E3A /* Supporting Files */ = {
			isa = PBXGroup;
			children = (
				6ABE68271A35E19200555E3A /* Info.plist */,
			);
			name = "Supporting Files";
			sourceTree = "<group>";
		};
/* End PBXGroup section */

/* Begin PBXNativeTarget section */
		6ABE68081A35E19200555E3A /* Demo */ = {
			isa = PBXNativeTarget;
			buildConfigurationList = 6ABE682C1A35E19200555E3A /* Build configuration list for PBXNativeTarget "Demo" */;
			buildPhases = (
				6ABE68051A35E19200555E3A /* Sources */,
				6ABE68061A35E19200555E3A /* Frameworks */,
				6ABE68071A35E19200555E3A /* Resources */,
			);
			buildRules = (
			);
			dependencies = (
			);
			name = Demo;
			productName = Demo;
			productReference = 6ABE68091A35E19200555E3A /* Demo.app */;
			productType = "com.apple.product-type.application";
		};
		6ABE68211A35E19200555E3A /* DemoTests */ = {
			isa = PBXNativeTarget;
			buildConfigurationList = 6ABE682F1A35E19200555E3A /* Build configuration list for PBXNativeTarget "DemoTests" */;
			buildPhases = (
				6ABE681E1A35E19200555E3A /* Sources */,
				6ABE681F1A35E19200555E3A /* Frameworks */,
				6ABE68201A35E19200555E3A /* Resources */,
			);
			buildRules = (
			);
			dependencies = (
				6ABE68241A35E19200555E3A /* PBXTargetDependency */,
			);
			name = DemoTests;
			productName = DemoTests;
			productReference = 6ABE68221A35E19200555E3A /* DemoTests.xctest */;
			productType = "com.apple.product-type.bundle.unit-test";
		};
/* End PBXNativeTarget section */

/* Begin PBXProject section */
		6ABE68011A35E19200555E3A /* Project object */ = {
			isa = PBXProject;
			attributes = {
				LastUpgradeCheck = 0610;
				ORGANIZATIONNAME = slyao;
				TargetAttributes = {
					6ABE68081A35E19200555E3A = {
						CreatedOnToolsVersion = 6.1;
					};
					6ABE68211A35E19200555E3A = {
						CreatedOnToolsVersion = 6.1;
						TestTargetID = 6ABE68081A35E19200555E3A;
					};
				};
			};
			buildConfigurationList = 6ABE68041A35E19200555E3A /* Build configuration list for PBXProject "Demo" */;
			compatibilityVersion = "Xcode 3.2";
			developmentRegion = English;
			hasScannedForEncodings = 0;
			knownRegions = (
				en,
				Base,
			);
			mainGroup = 6ABE68001A35E19200555E3A;
			productRefGroup = 6ABE680A1A35E19200555E3A /* Products */;
			projectDirPath = "";
			projectRoot = "";
			targets = (
				6ABE68081A35E19200555E3A /* Demo */,
				6ABE68211A35E19200555E3A /* DemoTests */,
			);
		};
/* End PBXProject section */

/* Begin PBXResourcesBuildPhase section */
		6ABE68071A35E19200555E3A /* Resources */ = {
			isa = PBXResourcesBuildPhase;
			buildActionMask = 2147483647;
			files = (
				6ABE68181A35E19200555E3A /* Main.storyboard in Resources */,
				6ABE681D1A35E19200555E3A /* LaunchScreen.xib in Resources */,
				6ABE681A1A35E19200555E3A /* Images.xcassets in Resources */,
			);
			runOnlyForDeploymentPostprocessing = 0;
		};
		6ABE68201A35E19200555E3A /* Resources */ = {
			isa = PBXResourcesBuildPhase;
			buildActionMask = 2147483647;
			files = (
			);
			runOnlyForDeploymentPostprocessing = 0;
		};
/* End PBXResourcesBuildPhase section */

/* Begin PBXSourcesBuildPhase section */
		6ABE68051A35E19200555E3A /* Sources */ = {
			isa = PBXSourcesBuildPhase;
			buildActionMask = 2147483647;
			files = (
				6ABE68151A35E19200555E3A /* ViewController.m in Sources */,
				6ABE68121A35E19200555E3A /* AppDelegate.m in Sources */,
				6ABE680F1A35E19200555E3A /* main.m in Sources */,
			);
			runOnlyForDeploymentPostprocessing = 0;
		};
		6ABE681E1A35E19200555E3A /* Sources */ = {
			isa = PBXSourcesBuildPhase;
			buildActionMask = 2147483647;
			files = (
				6ABE68291A35E19200555E3A /* DemoTests.m in Sources */,
			);
			runOnlyForDeploymentPostprocessing = 0;
		};
/* End PBXSourcesBuildPhase section */

/* Begin PBXTargetDependency section */
		6ABE68241A35E19200555E3A /* PBXTargetDependency */ = {
			isa = PBXTargetDependency;
			target = 6ABE68081A35E19200555E3A /* Demo */;
			targetProxy = 6ABE68231A35E19200555E3A /* PBXContainerItemProxy */;
		};
/* End PBXTargetDependency section */

/* Begin PBXVariantGroup section */
		6ABE68161A35E19200555E3A /* Main.storyboard */ = {
			isa = PBXVariantGroup;
			children = (
				6ABE68171A35E19200555E3A /* Base */,
			);
			name = Main.storyboard;
			sourceTree = "<group>";
		};
		6ABE681B1A35E19200555E3A /* LaunchScreen.xib */ = {
			isa = PBXVariantGroup;
			children = (
				6ABE681C1A35E19200555E3A /* Base */,
			);
			name = LaunchScreen.xib;
			sourceTree = "<group>";
		};
/* End PBXVariantGroup section */

/* Begin XCBuildConfiguration section */
		6ABE682A1A35E19200555E3A /* Debug */ = {
			isa = XCBuildConfiguration;
			buildSettings = {
				ALWAYS_SEARCH_USER_PATHS = NO;
				CLANG_CXX_LANGUAGE_STANDARD = "gnu++0x";
				CLANG_CXX_LIBRARY = "libc++";
				CLANG_ENABLE_MODULES = YES;
				CLANG_ENABLE_OBJC_ARC = YES;
				CLANG_WARN_BOOL_CONVERSION = YES;
				CLANG_WARN_CONSTANT_CONVERSION = YES;
				CLANG_WARN_DIRECT_OBJC_ISA_USAGE = YES_ERROR;
				CLANG_WARN_EMPTY_BODY = YES;
				CLANG_WARN_ENUM_CONVERSION = YES;
				CLANG_WARN_INT_CONVERSION = YES;
				CLANG_WARN_OBJC_ROOT_CLASS = YES_ERROR;
				CLANG_WARN_UNREACHABLE_CODE = YES;
				CLANG_WARN__DUPLICATE_METHOD_MATCH = YES;
				"CODE_SIGN_IDENTITY[sdk=iphoneos*]" = "iPhone Developer";
				COPY_PHASE_STRIP = NO;
				ENABLE_STRICT_OBJC_MSGSEND = YES;
				GCC_C_LANGUAGE_STANDARD = gnu99;
				GCC_DYNAMIC_NO_PIC = NO;
				GCC_OPTIMIZATION_LEVEL = 0;
				GCC_PREPROCESSOR_DEFINITIONS = (
					"DEBUG=1",
					"$(inherited)",
				);
				GCC_SYMBOLS_PRIVATE_EXTERN = NO;
				GCC_WARN_64_TO_32_BIT_CONVERSION = YES;
				GCC_WARN_ABOUT_RETURN_TYPE = YES_ERROR;
				GCC_WARN_UNDECLARED_SELECTOR = YES;
				GCC_WARN_UNINITIALIZED_AUTOS = YES_AGGRESSIVE;
				GCC_WARN_UNUSED_FUNCTION = YES;
				GCC_WARN_UNUSED_VARIABLE = YES;
				IPHONEOS_DEPLOYMENT_TARGET = 8.1;
				MTL_ENABLE_DEBUG_INFO = YES;
				ONLY_ACTIVE_ARCH = YES;
				SDKROOT = iphoneos;
				TARGETED_DEVICE_FAMILY = "1,2";
			};
			name = Debug;
		};
		6ABE682B1A35E19200555E3A /* Release */ = {
			isa = XCBuildConfiguration;
			buildSettings = {
				ALWAYS_SEARCH_USER_PATHS = NO;
				CLANG_CXX_LANGUAGE_STANDARD = "gnu++0x";
				CLANG_CXX_LIBRARY = "libc++";
				CLANG_ENABLE_MODULES = YES;
				CLANG_ENABLE_OBJC_ARC = YES;
				CLANG_WARN_BOOL_CONVERSION = YES;
				CLANG_WARN_CONSTANT_CONVERSION = YES;
				CLANG_WARN_DIRECT_OBJC_ISA_USAGE = YES_ERROR;
				CLANG_WARN_EMPTY_BODY = YES;
				CLANG_WARN_ENUM_CONVERSION = YES;
				CLANG_WARN_INT_CONVERSION = YES;
				CLANG_WARN_OBJC_ROOT_CLASS = YES_ERROR;
				CLANG_WARN_UNREACHABLE_CODE = YES;
				CLANG_WARN__DUPLICATE_METHOD_MATCH = YES;
				"CODE_SIGN_IDENTITY[sdk=iphoneos*]" = "iPhone Developer";
				COPY_PHASE_STRIP = YES;
				ENABLE_NS_ASSERTIONS = NO;
				ENABLE_STRICT_OBJC_MSGSEND = YES;
				GCC_C_LANGUAGE_STANDARD = gnu99;
				GCC_WARN_64_TO_32_BIT_CONVERSION = YES;
				GCC_WARN_ABOUT_RETURN_TYPE = YES_ERROR;
				GCC_WARN_UNDECLARED_SELECTOR = YES;
				GCC_WARN_UNINITIALIZED_AUTOS = YES_AGGRESSIVE;
				GCC_WARN_UNUSED_FUNCTION = YES;
				GCC_WARN_UNUSED_VARIABLE = YES;
				IPHONEOS_DEPLOYMENT_TARGET = 8.1;
				MTL_ENABLE_DEBUG_INFO = NO;
				SDKROOT = iphoneos;
				TARGETED_DEVICE_FAMILY = "1,2";
				VALIDATE_PRODUCT = YES;
			};
			name = Release;
		};
		6ABE682D1A35E19200555E3A /* Debug */ = {
			isa = XCBuildConfiguration;
			buildSettings = {
				ASSETCATALOG_COMPILER_APPICON_NAME = AppIcon;
				INFOPLIST_FILE = Demo/Info.plist;
				LD_RUNPATH_SEARCH_PATHS = "$(inherited) @executable_path/Frameworks";
				PRODUCT_NAME = "$(TARGET_NAME)";
			};
			name = Debug;
		};
		6ABE682E1A35E19200555E3A /* Release */ = {
			isa = XCBuildConfiguration;
			buildSettings = {
				ASSETCATALOG_COMPILER_APPICON_NAME = AppIcon;
				INFOPLIST_FILE = Demo/Info.plist;
				LD_RUNPATH_SEARCH_PATHS = "$(inherited) @executable_path/Frameworks";
				PRODUCT_NAME = "$(TARGET_NAME)";
			};
			name = Release;
		};
		6ABE68301A35E19200555E3A /* Debug */ = {
			isa = XCBuildConfiguration;
			buildSettings = {
				BUNDLE_LOADER = "$(TEST_HOST)";
				FRAMEWORK_SEARCH_PATHS = (
					"$(SDKROOT)/Developer/Library/Frameworks",
					"$(inherited)",
				);
				GCC_PREPROCESSOR_DEFINITIONS = (
					"DEBUG=1",
					"$(inherited)",
				);
				INFOPLIST_FILE = DemoTests/Info.plist;
				LD_RUNPATH_SEARCH_PATHS = "$(inherited) @executable_path/Frameworks @loader_path/Frameworks";
				PRODUCT_NAME = "$(TARGET_NAME)";
				TEST_HOST = "$(BUILT_PRODUCTS_DIR)/Demo.app/Demo";
			};
			name = Debug;
		};
		6ABE68311A35E19200555E3A /* Release */ = {
			isa = XCBuildConfiguration;
			buildSettings = {
				BUNDLE_LOADER = "$(TEST_HOST)";
				FRAMEWORK_SEARCH_PATHS = (
					"$(SDKROOT)/Developer/Library/Frameworks",
					"$(inherited)",
				);
				INFOPLIST_FILE = DemoTests/Info.plist;
				LD_RUNPATH_SEARCH_PATHS = "$(inherited) @executable_path/Frameworks @loader_path/Frameworks";
				PRODUCT_NAME = "$(TARGET_NAME)";
				TEST_HOST = "$(BUILT_PRODUCTS_DIR)/Demo.app/Demo";
			};
			name = Release;
		};
/* End XCBuildConfiguration section */

/* Begin XCConfigurationList section */
		6ABE68041A35E19200555E3A /* Build configuration list for PBXProject "Demo" */ = {
			isa = XCConfigurationList;
			buildConfigurations = (
				6ABE682A1A35E19200555E3A /* Debug */,
				6ABE682B1A35E19200555E3A /* Release */,
			);
			defaultConfigurationIsVisible = 0;
			defaultConfigurationName = Release;
		};
		6ABE682C1A35E19200555E3A /* Build configuration list for PBXNativeTarget "Demo" */ = {
			isa = XCConfigurationList;
			buildConfigurations = (
				6ABE682D1A35E19200555E3A /* Debug */,
				6ABE682E1A35E19200555E3A /* Release */,
			);
			defaultConfigurationIsVisible = 0;
		};
		6ABE682F1A35E19200555E3A /* Build configuration list for PBXNativeTarget "DemoTests" */ = {
			isa = XCConfigurationList;
			buildConfigurations = (
				6ABE68301A35E19200555E3A /* Debug */,
				6ABE68311A35E19200555E3A /* Release */,
			);
			defaultConfigurationIsVisible = 0;
		};
/* End XCConfigurationList section */
	};
	rootObject = 6ABE68011A35E19200555E3A /* Project object */;
}
